
Microsoft Visual Studio Solution File, Format Version 12.00
# Visual Studio 2015
Project("{FAE04EC0-301F-11D3-BF4B-00C04F79EFBC}") = "MarchingCubes.CSharp", "MarchingCubes.CSharp.csproj", "{DF9D8533-AF11-24BE-953C-9556D42DF478}"
EndProject
Global
	GlobalSection(SolutionConfigurationPlatforms) = preSolution
		Debug|Any CPU = Debug|Any CPU
		Release|Any CPU = Release|Any CPU
	EndGlobalSection
	GlobalSection(ProjectConfigurationPlatforms) = postSolution
		{DF9D8533-AF11-24BE-953C-9556D42DF478}.Debug|Any CPU.ActiveCfg = Debug|Any CPU
		{DF9D8533-AF11-24BE-953C-9556D42DF478}.Debug|Any CPU.Build.0 = Debug|Any CPU
		{DF9D8533-AF11-24BE-953C-9556D42DF478}.Release|Any CPU.ActiveCfg = Release|Any CPU
		{DF9D8533-AF11-24BE-953C-9556D42DF478}.Release|Any CPU.Build.0 = Release|Any CPU
	EndGlobalSection
	GlobalSection(SolutionProperties) = preSolution
		HideSolutionNode = FALSE
	EndGlobalSection
EndGlobal
